
Microsoft Visual Studio Solution File, Format Version 12.00
# Visual Studio Version 16
VisualStudioVersion = 16.0.29020.237
MinimumVisualStudioVersion = 10.0.40219.1
Project("{FAE04EC0-301F-11D3-BF4B-00C04F79EFBC}") = "TMS", "UI\TMS.csproj", "{2EADA562-1FE3-4D1C-BA69-BE8C12BB886C}"
EndProject
Project("{2150E333-8FDC-42A3-9474-1A3956D46DE8}") = "Framework", "Framework", "{2B368DDF-2000-4736-A74E-E92CCBD22113}"
EndProject
Project("{FAE04EC0-301F-11D3-BF4B-00C04F79EFBC}") = "TMS.EF", "TMS.EF\TMS.EF.csproj", "{586B743B-1937-4BD3-861C-944B7084447F}"
EndProject
Project("{FAE04EC0-301F-11D3-BF4B-00C04F79EFBC}") = "TMS.Helper", "TMS.Helper\TMS.Helper.csproj", "{1D2F8159-3B0E-4ADD-B576-F0FB2C7F560C}"
EndProject
Global
	GlobalSection(SolutionConfigurationPlatforms) = preSolution
		Debug|Any CPU = Debug|Any CPU
		Release|Any CPU = Release|Any CPU
	EndGlobalSection
	GlobalSection(ProjectConfigurationPlatforms) = postSolution
		{2EADA562-1FE3-4D1C-BA69-BE8C12BB886C}.Debug|Any CPU.ActiveCfg = Debug|Any CPU
		{2EADA562-1FE3-4D1C-BA69-BE8C12BB886C}.Debug|Any CPU.Build.0 = Debug|Any CPU
		{2EADA562-1FE3-4D1C-BA69-BE8C12BB886C}.Release|Any CPU.ActiveCfg = Release|Any CPU
		{2EADA562-1FE3-4D1C-BA69-BE8C12BB886C}.Release|Any CPU.Build.0 = Release|Any CPU
		{586B743B-1937-4BD3-861C-944B7084447F}.Debug|Any CPU.ActiveCfg = Debug|Any CPU
		{586B743B-1937-4BD3-861C-944B7084447F}.Debug|Any CPU.Build.0 = Debug|Any CPU
		{586B743B-1937-4BD3-861C-944B7084447F}.Release|Any CPU.ActiveCfg = Release|Any CPU
		{586B743B-1937-4BD3-861C-944B7084447F}.Release|Any CPU.Build.0 = Release|Any CPU
		{1D2F8159-3B0E-4ADD-B576-F0FB2C7F560C}.Debug|Any CPU.ActiveCfg = Debug|Any CPU
		{1D2F8159-3B0E-4ADD-B576-F0FB2C7F560C}.Debug|Any CPU.Build.0 = Debug|Any CPU
		{1D2F8159-3B0E-4ADD-B576-F0FB2C7F560C}.Release|Any CPU.ActiveCfg = Release|Any CPU
		{1D2F8159-3B0E-4ADD-B576-F0FB2C7F560C}.Release|Any CPU.Build.0 = Release|Any CPU
	EndGlobalSection
	GlobalSection(SolutionProperties) = preSolution
		HideSolutionNode = FALSE
	EndGlobalSection
	GlobalSection(NestedProjects) = preSolution
		{586B743B-1937-4BD3-861C-944B7084447F} = {2B368DDF-2000-4736-A74E-E92CCBD22113}
		{1D2F8159-3B0E-4ADD-B576-F0FB2C7F560C} = {2B368DDF-2000-4736-A74E-E92CCBD22113}
	EndGlobalSection
	GlobalSection(ExtensibilityGlobals) = postSolution
		SolutionGuid = {D49E1793-6EBE-4754-98F4-F11B7088AC01}
	EndGlobalSection
EndGlobal
